dependencies:
  espressif/esp_codec_dev:
    component_hash: df70f10af8d7b922add7b9d07372c9c97ab356e58d72b7a892050227c2d44348
    dependencies:
    - name: idf
      require: private
      version: '>=4.0'
    source:
      registry_url: https://components.espressif.com/
      type: service
    version: 1.5.11
  idf:
    source:
      type: idf
    version: 5.5.2
direct_dependencies:
- espressif/esp_codec_dev
- idf
manifest_hash: a32c655d90b4a150f5039d7e7cada138200760b434af1a70a0ef6503c58a49b9
target: esp32s3
version: 2.0.0
